
Microsoft Visual Studio Solution File, Format Version 12.00
# Visual Studio Version 16
VisualStudioVersion = 16.0.31112.23
MinimumVisualStudioVersion = 10.0.40219.1
Project("{2150E333-8FDC-42A3-9474-1A3956D46DE8}") = "Src", "Src", "{4D026D70-1763-42B0-A08A-7F3906A2C0FB}"
EndProject
Project("{2150E333-8FDC-42A3-9474-1A3956D46DE8}") = "Services", "Services", "{66AF0013-1D77-480E-8585-0568F6C33B9B}"
EndProject
Project("{2150E333-8FDC-42A3-9474-1A3956D46DE8}") = "Web", "Web", "{876808A4-09A2-44CE-A6A7-0B54311E4DAE}"
EndProject
Project("{9A19103F-16F7-4668-BE54-9A1E7A4F7556}") = "EventCatalogApi", "EventCatalogApi\EventCatalogApi.csproj", "{437BF89C-2F7C-4305-B014-15F044B2782B}"
EndProject
Project("{E53339B2-1760-4266-BCC7-CA923CBCF16C}") = "docker-compose", "docker-compose.dcproj", "{1DDE741D-EBDF-4DED-A8E3-9ACC8E2AD508}"
EndProject
Project("{9A19103F-16F7-4668-BE54-9A1E7A4F7556}") = "WebMvc", "WebMvc\WebMvc.csproj", "{77D5A7D0-C5B8-4CBD-8956-3855447FD3BC}"
EndProject
Project("{9A19103F-16F7-4668-BE54-9A1E7A4F7556}") = "TokenServiceApi", "TokenServiceApi\TokenServiceApi.csproj", "{EEFA02A7-2475-48CA-88F8-6587F35582AD}"
EndProject
Global
	GlobalSection(SolutionConfigurationPlatforms) = preSolution
		Debug|Any CPU = Debug|Any CPU
		Release|Any CPU = Release|Any CPU
	EndGlobalSection
	GlobalSection(ProjectConfigurationPlatforms) = postSolution
		{437BF89C-2F7C-4305-B014-15F044B2782B}.Debug|Any CPU.ActiveCfg = Debug|Any CPU
		{437BF89C-2F7C-4305-B014-15F044B2782B}.Debug|Any CPU.Build.0 = Debug|Any CPU
		{437BF89C-2F7C-4305-B014-15F044B2782B}.Release|Any CPU.ActiveCfg = Release|Any CPU
		{437BF89C-2F7C-4305-B014-15F044B2782B}.Release|Any CPU.Build.0 = Release|Any CPU
		{1DDE741D-EBDF-4DED-A8E3-9ACC8E2AD508}.Debug|Any CPU.ActiveCfg = Debug|Any CPU
		{1DDE741D-EBDF-4DED-A8E3-9ACC8E2AD508}.Debug|Any CPU.Build.0 = Debug|Any CPU
		{1DDE741D-EBDF-4DED-A8E3-9ACC8E2AD508}.Release|Any CPU.ActiveCfg = Release|Any CPU
		{1DDE741D-EBDF-4DED-A8E3-9ACC8E2AD508}.Release|Any CPU.Build.0 = Release|Any CPU
		{77D5A7D0-C5B8-4CBD-8956-3855447FD3BC}.Debug|Any CPU.ActiveCfg = Debug|Any CPU
		{77D5A7D0-C5B8-4CBD-8956-3855447FD3BC}.Debug|Any CPU.Build.0 = Debug|Any CPU
		{77D5A7D0-C5B8-4CBD-8956-3855447FD3BC}.Release|Any CPU.ActiveCfg = Release|Any CPU
		{77D5A7D0-C5B8-4CBD-8956-3855447FD3BC}.Release|Any CPU.Build.0 = Release|Any CPU
		{EEFA02A7-2475-48CA-88F8-6587F35582AD}.Debug|Any CPU.ActiveCfg = Debug|Any CPU
		{EEFA02A7-2475-48CA-88F8-6587F35582AD}.Debug|Any CPU.Build.0 = Debug|Any CPU
		{EEFA02A7-2475-48CA-88F8-6587F35582AD}.Release|Any CPU.ActiveCfg = Release|Any CPU
		{EEFA02A7-2475-48CA-88F8-6587F35582AD}.Release|Any CPU.Build.0 = Release|Any CPU
	EndGlobalSection
	GlobalSection(SolutionProperties) = preSolution
		HideSolutionNode = FALSE
	EndGlobalSection
	GlobalSection(NestedProjects) = preSolution
		{66AF0013-1D77-480E-8585-0568F6C33B9B} = {4D026D70-1763-42B0-A08A-7F3906A2C0FB}
		{876808A4-09A2-44CE-A6A7-0B54311E4DAE} = {4D026D70-1763-42B0-A08A-7F3906A2C0FB}
		{437BF89C-2F7C-4305-B014-15F044B2782B} = {66AF0013-1D77-480E-8585-0568F6C33B9B}
		{77D5A7D0-C5B8-4CBD-8956-3855447FD3BC} = {876808A4-09A2-44CE-A6A7-0B54311E4DAE}
		{EEFA02A7-2475-48CA-88F8-6587F35582AD} = {66AF0013-1D77-480E-8585-0568F6C33B9B}
	EndGlobalSection
	GlobalSection(ExtensibilityGlobals) = postSolution
		SolutionGuid = {1E6923F9-3632-441D-B658-4B0A37705FB5}
	EndGlobalSection
EndGlobal
